
Microsoft Visual Studio Solution File, Format Version 12.00
# Visual Studio 14
VisualStudioVersion = 14.0.25420.1
MinimumVisualStudioVersion = 10.0.40219.1
Project("{FAE04EC0-301F-11D3-BF4B-00C04F79EFBC}") = "BlogAuthentication", "BlogAuthentication\BlogAuthentication.csproj", "{DCD987F8-D8C1-4353-B17F-C1C578B184FE}"
EndProject
Global
	GlobalSection(SolutionConfigurationPlatforms) = preSolution
		Debug|Any CPU = Debug|Any CPU
		Release|Any CPU = Release|Any CPU
	EndGlobalSection
	GlobalSection(ProjectConfigurationPlatforms) = postSolution
		{DCD987F8-D8C1-4353-B17F-C1C578B184FE}.Debug|Any CPU.ActiveCfg = Debug|Any CPU
		{DCD987F8-D8C1-4353-B17F-C1C578B184FE}.Debug|Any CPU.Build.0 = Debug|Any CPU
		{DCD987F8-D8C1-4353-B17F-C1C578B184FE}.Release|Any CPU.ActiveCfg = Release|Any CPU
		{DCD987F8-D8C1-4353-B17F-C1C578B184FE}.Release|Any CPU.Build.0 = Release|Any CPU
	EndGlobalSection
	GlobalSection(SolutionProperties) = preSolution
		HideSolutionNode = FALSE
	EndGlobalSection
EndGlobal
